
Microsoft Visual Studio Solution File, Format Version 12.00
# Visual Studio Version 17
VisualStudioVersion = 17.3.32929.385
MinimumVisualStudioVersion = 10.0.40219.1
Project("{FAE04EC0-301F-11D3-BF4B-00C04F79EFBC}") = "C sharp OOP1", "C sharp OOP1.csproj", "{2463B02A-A60A-4B6C-8B6F-18768496ADD9}"
EndProject
Global
	GlobalSection(SolutionConfigurationPlatforms) = preSolution
		Debug|Any CPU = Debug|Any CPU
		Release|Any CPU = Release|Any CPU
	EndGlobalSection
	GlobalSection(ProjectConfigurationPlatforms) = postSolution
		{2463B02A-A60A-4B6C-8B6F-18768496ADD9}.Debug|Any CPU.ActiveCfg = Debug|Any CPU
		{2463B02A-A60A-4B6C-8B6F-18768496ADD9}.Debug|Any CPU.Build.0 = Debug|Any CPU
		{2463B02A-A60A-4B6C-8B6F-18768496ADD9}.Release|Any CPU.ActiveCfg = Release|Any CPU
		{2463B02A-A60A-4B6C-8B6F-18768496ADD9}.Release|Any CPU.Build.0 = Release|Any CPU
	EndGlobalSection
	GlobalSection(SolutionProperties) = preSolution
		HideSolutionNode = FALSE
	EndGlobalSection
	GlobalSection(ExtensibilityGlobals) = postSolution
		SolutionGuid = {A25550B4-76AD-4917-B681-0FEAB8E48BB0}
	EndGlobalSection
EndGlobal
