
Microsoft Visual Studio Solution File, Format Version 12.00
# Visual Studio Version 17
VisualStudioVersion = 17.3.32929.385
MinimumVisualStudioVersion = 10.0.40219.1
Project("{FAE04EC0-301F-11D3-BF4B-00C04F79EFBC}") = "Encapsulation", "Encapsulation.csproj", "{CCA6D03E-60DB-4FFA-AE7D-93E5E971B368}"
EndProject
Global
	GlobalSection(SolutionConfigurationPlatforms) = preSolution
		Debug|Any CPU = Debug|Any CPU
		Release|Any CPU = Release|Any CPU
	EndGlobalSection
	GlobalSection(ProjectConfigurationPlatforms) = postSolution
		{CCA6D03E-60DB-4FFA-AE7D-93E5E971B368}.Debug|Any CPU.ActiveCfg = Debug|Any CPU
		{CCA6D03E-60DB-4FFA-AE7D-93E5E971B368}.Debug|Any CPU.Build.0 = Debug|Any CPU
		{CCA6D03E-60DB-4FFA-AE7D-93E5E971B368}.Release|Any CPU.ActiveCfg = Release|Any CPU
		{CCA6D03E-60DB-4FFA-AE7D-93E5E971B368}.Release|Any CPU.Build.0 = Release|Any CPU
	EndGlobalSection
	GlobalSection(SolutionProperties) = preSolution
		HideSolutionNode = FALSE
	EndGlobalSection
	GlobalSection(ExtensibilityGlobals) = postSolution
		SolutionGuid = {587684FB-C999-43A0-A4B4-E26413DD7524}
	EndGlobalSection
EndGlobal
